// !$*UTF8*$!
{
	archiveVersion = 1;
	classes = {
	};
	objectVersion = 48;
	objects = {

/* Begin PBXBuildFile section */
		350074702023095B000BD808 /* AppDelegate.swift in Sources */ = {isa = PBXBuildFile; fileRef = 3500746F2023095B000BD808 /* AppDelegate.swift */; };
		350074742023095B000BD808 /* AccountInfoViewController.swift in Sources */ = {isa = PBXBuildFile; fileRef = 350074732023095B000BD808 /* AccountInfoViewController.swift */; };
		350074772023095B000BD808 /* Main.storyboard in Resources */ = {isa = PBXBuildFile; fileRef = 350074752023095B000BD808 /* Main.storyboard */; };
		350074792023095B000BD808 /* Assets.xcassets in Resources */ = {isa = PBXBuildFile; fileRef = 350074782023095B000BD808 /* Assets.xcassets */; };
		3500747C2023095B000BD808 /* LaunchScreen.storyboard in Resources */ = {isa = PBXBuildFile; fileRef = 3500747A2023095B000BD808 /* LaunchScreen.storyboard */; };
		350074872023095B000BD808 /* AppCodeTests.swift in Sources */ = {isa = PBXBuildFile; fileRef = 350074862023095B000BD808 /* AppCodeTests.swift */; };
		350074922023095B000BD808 /* AppCodeUITests.swift in Sources */ = {isa = PBXBuildFile; fileRef = 350074912023095B000BD808 /* AppCodeUITests.swift */; };
		350074A22023B3D2000BD808 /* CourseInfoViewController.swift in Sources */ = {isa = PBXBuildFile; fileRef = 350074A12023B3D2000BD808 /* CourseInfoViewController.swift */; };
		358A0B43202D97FF00C4FC6C /* CourseAddingViewController.swift in Sources */ = {isa = PBXBuildFile; fileRef = 358A0B42202D97FF00C4FC6C /* CourseAddingViewController.swift */; };
		F6F07B22202CC2AC00336AFD /* CoursesTableViewCell.swift in Sources */ = {isa = PBXBuildFile; fileRef = F6F07B21202CC2AC00336AFD /* CoursesTableViewCell.swift */; };
		F6F07B24202CD4D700336AFD /* CourseTableViewController.swift in Sources */ = {isa = PBXBuildFile; fileRef = F6F07B23202CD4D700336AFD /* CourseTableViewController.swift */; };
/* End PBXBuildFile section */

/* Begin PBXContainerItemProxy section */
		350074832023095B000BD808 /* PBXContainerItemProxy */ = {
			isa = PBXContainerItemProxy;
			containerPortal = 350074642023095B000BD808 /* Project object */;
			proxyType = 1;
			remoteGlobalIDString = 3500746B2023095B000BD808;
			remoteInfo = AppCode;
		};
		3500748E2023095B000BD808 /* PBXContainerItemProxy */ = {
			isa = PBXContainerItemProxy;
			containerPortal = 350074642023095B000BD808 /* Project object */;
			proxyType = 1;
			remoteGlobalIDString = 3500746B2023095B000BD808;
			remoteInfo = AppCode;
		};
/* End PBXContainerItemProxy section */

/* Begin PBXFileReference section */
		3500746C2023095B000BD808 /* AppCode.app */ = {isa = PBXFileReference; explicitFileType = wrapper.application; includeInIndex = 0; path = AppCode.app; sourceTree = BUILT_PRODUCTS_DIR; };
		3500746F2023095B000BD808 /* AppDelegate.swift */ = {isa = PBXFileReference; lastKnownFileType = sourcecode.swift; path = AppDelegate.swift; sourceTree = "<group>"; };
		350074732023095B000BD808 /* AccountInfoViewController.swift */ = {isa = PBXFileReference; lastKnownFileType = sourcecode.swift; path = AccountInfoViewController.swift; sourceTree = "<group>"; };
		350074762023095B000BD808 /* Base */ = {isa = PBXFileReference; lastKnownFileType = file.storyboard; name = Base; path = Base.lproj/Main.storyboard; sourceTree = "<group>"; };
		350074782023095B000BD808 /* Assets.xcassets */ = {isa = PBXFileReference; lastKnownFileType = folder.assetcatalog; path = Assets.xcassets; sourceTree = "<group>"; };
		3500747B2023095B000BD808 /* Base */ = {isa = PBXFileReference; lastKnownFileType = file.storyboard; name = Base; path = Base.lproj/LaunchScreen.storyboard; sourceTree = "<group>"; };
		3500747D2023095B000BD808 /* Info.plist */ = {isa = PBXFileReference; lastKnownFileType = text.plist.xml; path = Info.plist; sourceTree = "<group>"; };
		350074822023095B000BD808 /* AppCodeTests.xctest */ = {isa = PBXFileReference; explicitFileType = wrapper.cfbundle; includeInIndex = 0; path = AppCodeTests.xctest; sourceTree = BUILT_PRODUCTS_DIR; };
		350074862023095B000BD808 /* AppCodeTests.swift */ = {isa = PBXFileReference; lastKnownFileType = sourcecode.swift; path = AppCodeTests.swift; sourceTree = "<group>"; };
		350074882023095B000BD808 /* Info.plist */ = {isa = PBXFileReference; lastKnownFileType = text.plist.xml; path = Info.plist; sourceTree = "<group>"; };
		3500748D2023095B000BD808 /* AppCodeUITests.xctest */ = {isa = PBXFileReference; explicitFileType = wrapper.cfbundle; includeInIndex = 0; path = AppCodeUITests.xctest; sourceTree = BUILT_PRODUCTS_DIR; };
		350074912023095B000BD808 /* AppCodeUITests.swift */ = {isa = PBXFileReference; lastKnownFileType = sourcecode.swift; path = AppCodeUITests.swift; sourceTree = "<group>"; };
		350074932023095B000BD808 /* Info.plist */ = {isa = PBXFileReference; lastKnownFileType = text.plist.xml; path = Info.plist; sourceTree = "<group>"; };
		350074A12023B3D2000BD808 /* CourseInfoViewController.swift */ = {isa = PBXFileReference; lastKnownFileType = sourcecode.swift; path = CourseInfoViewController.swift; sourceTree = "<group>"; };
		358A0B42202D97FF00C4FC6C /* CourseAddingViewController.swift */ = {isa = PBXFileReference; lastKnownFileType = sourcecode.swift; path = CourseAddingViewController.swift; sourceTree = "<group>"; };
		F6F07B21202CC2AC00336AFD /* CoursesTableViewCell.swift */ = {isa = PBXFileReference; lastKnownFileType = sourcecode.swift; path = CoursesTableViewCell.swift; sourceTree = "<group>"; };
		F6F07B23202CD4D700336AFD /* CourseTableViewController.swift */ = {isa = PBXFileReference; lastKnownFileType = sourcecode.swift; path = CourseTableViewController.swift; sourceTree = "<group>"; };
/* End PBXFileReference section */

/* Begin PBXFrameworksBuildPhase section */
		350074692023095B000BD808 /* Frameworks */ = {
			isa = PBXFrameworksBuildPhase;
			buildActionMask = 2147483647;
			files = (
			);
			runOnlyForDeploymentPostprocessing = 0;
		};
		3500747F2023095B000BD808 /* Frameworks */ = {
			isa = PBXFrameworksBuildPhase;
			buildActionMask = 2147483647;
			files = (
			);
			runOnlyForDeploymentPostprocessing = 0;
		};
		3500748A2023095B000BD808 /* Frameworks */ = {
			isa = PBXFrameworksBuildPhase;
			buildActionMask = 2147483647;
			files = (
			);
			runOnlyForDeploymentPostprocessing = 0;
		};
/* End PBXFrameworksBuildPhase section */

/* Begin PBXGroup section */
		350074632023095B000BD808 = {
			isa = PBXGroup;
			children = (
				3500746E2023095B000BD808 /* AppCode */,
				350074852023095B000BD808 /* AppCodeTests */,
				350074902023095B000BD808 /* AppCodeUITests */,
				3500746D2023095B000BD808 /* Products */,
			);
			sourceTree = "<group>";
		};
		3500746D2023095B000BD808 /* Products */ = {
			isa = PBXGroup;
			children = (
				3500746C2023095B000BD808 /* AppCode.app */,
				350074822023095B000BD808 /* AppCodeTests.xctest */,
				3500748D2023095B000BD808 /* AppCodeUITests.xctest */,
			);
			name = Products;
			sourceTree = "<group>";
		};
		3500746E2023095B000BD808 /* AppCode */ = {
			isa = PBXGroup;
			children = (
				358A0B42202D97FF00C4FC6C /* CourseAddingViewController.swift */,
				3500746F2023095B000BD808 /* AppDelegate.swift */,
				350074732023095B000BD808 /* AccountInfoViewController.swift */,
				350074A12023B3D2000BD808 /* CourseInfoViewController.swift */,
				350074752023095B000BD808 /* Main.storyboard */,
				F6F07B23202CD4D700336AFD /* CourseTableViewController.swift */,
				F6F07B21202CC2AC00336AFD /* CoursesTableViewCell.swift */,
				350074782023095B000BD808 /* Assets.xcassets */,
				3500747A2023095B000BD808 /* LaunchScreen.storyboard */,
				3500747D2023095B000BD808 /* Info.plist */,
			);
			path = AppCode;
			sourceTree = "<group>";
		};
		350074852023095B000BD808 /* AppCodeTests */ = {
			isa = PBXGroup;
			children = (
				350074862023095B000BD808 /* AppCodeTests.swift */,
				350074882023095B000BD808 /* Info.plist */,
			);
			path = AppCodeTests;
			sourceTree = "<group>";
		};
		350074902023095B000BD808 /* AppCodeUITests */ = {
			isa = PBXGroup;
			children = (
				350074912023095B000BD808 /* AppCodeUITests.swift */,
				350074932023095B000BD808 /* Info.plist */,
			);
			path = AppCodeUITests;
			sourceTree = "<group>";
		};
/* End PBXGroup section */

/* Begin PBXNativeTarget section */
		3500746B2023095B000BD808 /* AppCode */ = {
			isa = PBXNativeTarget;
			buildConfigurationList = 350074962023095B000BD808 /* Build configuration list for PBXNativeTarget "AppCode" */;
			buildPhases = (
				350074682023095B000BD808 /* Sources */,
				350074692023095B000BD808 /* Frameworks */,
				3500746A2023095B000BD808 /* Resources */,
			);
			buildRules = (
			);
			dependencies = (
			);
			name = AppCode;
			productName = AppCode;
			productReference = 3500746C2023095B000BD808 /* AppCode.app */;
			productType = "com.apple.product-type.application";
		};
		350074812023095B000BD808 /* AppCodeTests */ = {
			isa = PBXNativeTarget;
			buildConfigurationList = 350074992023095B000BD808 /* Build configuration list for PBXNativeTarget "AppCodeTests" */;
			buildPhases = (
				3500747E2023095B000BD808 /* Sources */,
				3500747F2023095B000BD808 /* Frameworks */,
				350074802023095B000BD808 /* Resources */,
			);
			buildRules = (
			);
			dependencies = (
				350074842023095B000BD808 /* PBXTargetDependency */,
			);
			name = AppCodeTests;
			productName = AppCodeTests;
			productReference = 350074822023095B000BD808 /* AppCodeTests.xctest */;
			productType = "com.apple.product-type.bundle.unit-test";
		};
		3500748C2023095B000BD808 /* AppCodeUITests */ = {
			isa = PBXNativeTarget;
			buildConfigurationList = 3500749C2023095B000BD808 /* Build configuration list for PBXNativeTarget "AppCodeUITests" */;
			buildPhases = (
				350074892023095B000BD808 /* Sources */,
				3500748A2023095B000BD808 /* Frameworks */,
				3500748B2023095B000BD808 /* Resources */,
			);
			buildRules = (
			);
			dependencies = (
				3500748F2023095B000BD808 /* PBXTargetDependency */,
			);
			name = AppCodeUITests;
			productName = AppCodeUITests;
			productReference = 3500748D2023095B000BD808 /* AppCodeUITests.xctest */;
			productType = "com.apple.product-type.bundle.ui-testing";
		};
/* End PBXNativeTarget section */

/* Begin PBXProject section */
		350074642023095B000BD808 /* Project object */ = {
			isa = PBXProject;
			attributes = {
				LastSwiftUpdateCheck = 0910;
				LastUpgradeCheck = 0910;
				ORGANIZATIONNAME = leontaolong;
				TargetAttributes = {
					3500746B2023095B000BD808 = {
						CreatedOnToolsVersion = 9.1;
						ProvisioningStyle = Automatic;
					};
					350074812023095B000BD808 = {
						CreatedOnToolsVersion = 9.1;
						ProvisioningStyle = Automatic;
						TestTargetID = 3500746B2023095B000BD808;
					};
					3500748C2023095B000BD808 = {
						CreatedOnToolsVersion = 9.1;
						ProvisioningStyle = Automatic;
						TestTargetID = 3500746B2023095B000BD808;
					};
				};
			};
			buildConfigurationList = 350074672023095B000BD808 /* Build configuration list for PBXProject "AppCode" */;
			compatibilityVersion = "Xcode 8.0";
			developmentRegion = en;
			hasScannedForEncodings = 0;
			knownRegions = (
				en,
				Base,
			);
			mainGroup = 350074632023095B000BD808;
			productRefGroup = 3500746D2023095B000BD808 /* Products */;
			projectDirPath = "";
			projectRoot = "";
			targets = (
				3500746B2023095B000BD808 /* AppCode */,
				350074812023095B000BD808 /* AppCodeTests */,
				3500748C2023095B000BD808 /* AppCodeUITests */,
			);
		};
/* End PBXProject section */

/* Begin PBXResourcesBuildPhase section */
		3500746A2023095B000BD808 /* Resources */ = {
			isa = PBXResourcesBuildPhase;
			buildActionMask = 2147483647;
			files = (
				3500747C2023095B000BD808 /* LaunchScreen.storyboard in Resources */,
				350074792023095B000BD808 /* Assets.xcassets in Resources */,
				350074772023095B000BD808 /* Main.storyboard in Resources */,
			);
			runOnlyForDeploymentPostprocessing = 0;
		};
		350074802023095B000BD808 /* Resources */ = {
			isa = PBXResourcesBuildPhase;
			buildActionMask = 2147483647;
			files = (
			);
			runOnlyForDeploymentPostprocessing = 0;
		};
		3500748B2023095B000BD808 /* Resources */ = {
			isa = PBXResourcesBuildPhase;
			buildActionMask = 2147483647;
			files = (
			);
			runOnlyForDeploymentPostprocessing = 0;
		};
/* End PBXResourcesBuildPhase section */

/* Begin PBXSourcesBuildPhase section */
		350074682023095B000BD808 /* Sources */ = {
			isa = PBXSourcesBuildPhase;
			buildActionMask = 2147483647;
			files = (
				350074742023095B000BD808 /* AccountInfoViewController.swift in Sources */,
				350074702023095B000BD808 /* AppDelegate.swift in Sources */,
				358A0B43202D97FF00C4FC6C /* CourseAddingViewController.swift in Sources */,
				350074A22023B3D2000BD808 /* CourseInfoViewController.swift in Sources */,
				F6F07B22202CC2AC00336AFD /* CoursesTableViewCell.swift in Sources */,
				F6F07B24202CD4D700336AFD /* CourseTableViewController.swift in Sources */,
			);
			runOnlyForDeploymentPostprocessing = 0;
		};
		3500747E2023095B000BD808 /* Sources */ = {
			isa = PBXSourcesBuildPhase;
			buildActionMask = 2147483647;
			files = (
				350074872023095B000BD808 /* AppCodeTests.swift in Sources */,
			);
			runOnlyForDeploymentPostprocessing = 0;
		};
		350074892023095B000BD808 /* Sources */ = {
			isa = PBXSourcesBuildPhase;
			buildActionMask = 2147483647;
			files = (
				350074922023095B000BD808 /* AppCodeUITests.swift in Sources */,
			);
			runOnlyForDeploymentPostprocessing = 0;
		};
/* End PBXSourcesBuildPhase section */

/* Begin PBXTargetDependency section */
		350074842023095B000BD808 /* PBXTargetDependency */ = {
			isa = PBXTargetDependency;
			target = 3500746B2023095B000BD808 /* AppCode */;
			targetProxy = 350074832023095B000BD808 /* PBXContainerItemProxy */;
		};
		3500748F2023095B000BD808 /* PBXTargetDependency */ = {
			isa = PBXTargetDependency;
			target = 3500746B2023095B000BD808 /* AppCode */;
			targetProxy = 3500748E2023095B000BD808 /* PBXContainerItemProxy */;
		};
/* End PBXTargetDependency section */

/* Begin PBXVariantGroup section */
		350074752023095B000BD808 /* Main.storyboard */ = {
			isa = PBXVariantGroup;
			children = (
				350074762023095B000BD808 /* Base */,
			);
			name = Main.storyboard;
			sourceTree = "<group>";
		};
		3500747A2023095B000BD808 /* LaunchScreen.storyboard */ = {
			isa = PBXVariantGroup;
			children = (
				3500747B2023095B000BD808 /* Base */,
			);
			name = LaunchScreen.storyboard;
			sourceTree = "<group>";
		};
/* End PBXVariantGroup section */

/* Begin XCBuildConfiguration section */
		350074942023095B000BD808 /* Debug */ = {
			isa = XCBuildConfiguration;
			buildSettings = {
				ALWAYS_SEARCH_USER_PATHS = NO;
				CLANG_ANALYZER_NONNULL = YES;
				CLANG_ANALYZER_NUMBER_OBJECT_CONVERSION = YES_AGGRESSIVE;
				CLANG_CXX_LANGUAGE_STANDARD = "gnu++14";
				CLANG_CXX_LIBRARY = "libc++";
				CLANG_ENABLE_MODULES = YES;
				CLANG_ENABLE_OBJC_ARC = YES;
				CLANG_WARN_BLOCK_CAPTURE_AUTORELEASING = YES;
				CLANG_WARN_BOOL_CONVERSION = YES;
				CLANG_WARN_COMMA = YES;
				CLANG_WARN_CONSTANT_CONVERSION = YES;
				CLANG_WARN_DIRECT_OBJC_ISA_USAGE = YES_ERROR;
				CLANG_WARN_DOCUMENTATION_COMMENTS = YES;
				CLANG_WARN_EMPTY_BODY = YES;
				CLANG_WARN_ENUM_CONVERSION = YES;
				CLANG_WARN_INFINITE_RECURSION = YES;
				CLANG_WARN_INT_CONVERSION = YES;
				CLANG_WARN_NON_LITERAL_NULL_CONVERSION = YES;
				CLANG_WARN_OBJC_LITERAL_CONVERSION = YES;
				CLANG_WARN_OBJC_ROOT_CLASS = YES_ERROR;
				CLANG_WARN_RANGE_LOOP_ANALYSIS = YES;
				CLANG_WARN_STRICT_PROTOTYPES = YES;
				CLANG_WARN_SUSPICIOUS_MOVE = YES;
				CLANG_WARN_UNGUARDED_AVAILABILITY = YES_AGGRESSIVE;
				CLANG_WARN_UNREACHABLE_CODE = YES;
				CLANG_WARN__DUPLICATE_METHOD_MATCH = YES;
				CODE_SIGN_IDENTITY = "iPhone Developer";
				COPY_PHASE_STRIP = NO;
				DEBUG_INFORMATION_FORMAT = dwarf;
				ENABLE_STRICT_OBJC_MSGSEND = YES;
				ENABLE_TESTABILITY = YES;
				GCC_C_LANGUAGE_STANDARD = gnu11;
				GCC_DYNAMIC_NO_PIC = NO;
				GCC_NO_COMMON_BLOCKS = YES;
				GCC_OPTIMIZATION_LEVEL = 0;
				GCC_PREPROCESSOR_DEFINITIONS = (
					"DEBUG=1",
					"$(inherited)",
				);
				GCC_WARN_64_TO_32_BIT_CONVERSION = YES;
				GCC_WARN_ABOUT_RETURN_TYPE = YES_ERROR;
				GCC_WARN_UNDECLARED_SELECTOR = YES;
				GCC_WARN_UNINITIALIZED_AUTOS = YES_AGGRESSIVE;
				GCC_WARN_UNUSED_FUNCTION = YES;
				GCC_WARN_UNUSED_VARIABLE = YES;
				IPHONEOS_DEPLOYMENT_TARGET = 11.0;
				MTL_ENABLE_DEBUG_INFO = YES;
				ONLY_ACTIVE_ARCH = YES;
				SDKROOT = iphoneos;
				SWIFT_ACTIVE_COMPILATION_CONDITIONS = DEBUG;
				SWIFT_OPTIMIZATION_LEVEL = "-Onone";
			};
			name = Debug;
		};
		350074952023095B000BD808 /* Release */ = {
			isa = XCBuildConfiguration;
			buildSettings = {
				ALWAYS_SEARCH_USER_PATHS = NO;
				CLANG_ANALYZER_NONNULL = YES;
				CLANG_ANALYZER_NUMBER_OBJECT_CONVERSION = YES_AGGRESSIVE;
				CLANG_CXX_LANGUAGE_STANDARD = "gnu++14";
				CLANG_CXX_LIBRARY = "libc++";
				CLANG_ENABLE_MODULES = YES;
				CLANG_ENABLE_OBJC_ARC = YES;
				CLANG_WARN_BLOCK_CAPTURE_AUTORELEASING = YES;
				CLANG_WARN_BOOL_CONVERSION = YES;
				CLANG_WARN_COMMA = YES;
				CLANG_WARN_CONSTANT_CONVERSION = YES;
				CLANG_WARN_DIRECT_OBJC_ISA_USAGE = YES_ERROR;
				CLANG_WARN_DOCUMENTATION_COMMENTS = YES;
				CLANG_WARN_EMPTY_BODY = YES;
				CLANG_WARN_ENUM_CONVERSION = YES;
				CLANG_WARN_INFINITE_RECURSION = YES;
				CLANG_WARN_INT_CONVERSION = YES;
				CLANG_WARN_NON_LITERAL_NULL_CONVERSION = YES;
				CLANG_WARN_OBJC_LITERAL_CONVERSION = YES;
				CLANG_WARN_OBJC_ROOT_CLASS = YES_ERROR;
				CLANG_WARN_RANGE_LOOP_ANALYSIS = YES;
				CLANG_WARN_STRICT_PROTOTYPES = YES;
				CLANG_WARN_SUSPICIOUS_MOVE = YES;
				CLANG_WARN_UNGUARDED_AVAILABILITY = YES_AGGRESSIVE;
				CLANG_WARN_UNREACHABLE_CODE = YES;
				CLANG_WARN__DUPLICATE_METHOD_MATCH = YES;
				CODE_SIGN_IDENTITY = "iPhone Developer";
				COPY_PHASE_STRIP = NO;
				DEBUG_INFORMATION_FORMAT = "dwarf-with-dsym";
				ENABLE_NS_ASSERTIONS = NO;
				ENABLE_STRICT_OBJC_MSGSEND = YES;
				GCC_C_LANGUAGE_STANDARD = gnu11;
				GCC_NO_COMMON_BLOCKS = YES;
				GCC_WARN_64_TO_32_BIT_CONVERSION = YES;
				GCC_WARN_ABOUT_RETURN_TYPE = YES_ERROR;
				GCC_WARN_UNDECLARED_SELECTOR = YES;
				GCC_WARN_UNINITIALIZED_AUTOS = YES_AGGRESSIVE;
				GCC_WARN_UNUSED_FUNCTION = YES;
				GCC_WARN_UNUSED_VARIABLE = YES;
				IPHONEOS_DEPLOYMENT_TARGET = 11.0;
				MTL_ENABLE_DEBUG_INFO = NO;
				SDKROOT = iphoneos;
				SWIFT_OPTIMIZATION_LEVEL = "-Owholemodule";
				VALIDATE_PRODUCT = YES;
			};
			name = Release;
		};
		350074972023095B000BD808 /* Debug */ = {
			isa = XCBuildConfiguration;
			buildSettings = {
				ASSETCATALOG_COMPILER_APPICON_NAME = AppIcon;
				CODE_SIGN_STYLE = Automatic;
				DEVELOPMENT_TEAM = 6UZHVQ52BK;
				INFOPLIST_FILE = AppCode/Info.plist;
				IPHONEOS_DEPLOYMENT_TARGET = 11.1;
				LD_RUNPATH_SEARCH_PATHS = "$(inherited) @executable_path/Frameworks";
				PRODUCT_BUNDLE_IDENTIFIER = edu.uw.longt8.AppCode;
				PRODUCT_NAME = "$(TARGET_NAME)";
				SWIFT_VERSION = 4.0;
				TARGETED_DEVICE_FAMILY = "1,2";
			};
			name = Debug;
		};
		350074982023095B000BD808 /* Release */ = {
			isa = XCBuildConfiguration;
			buildSettings = {
				ASSETCATALOG_COMPILER_APPICON_NAME = AppIcon;
				CODE_SIGN_STYLE = Automatic;
				DEVELOPMENT_TEAM = 6UZHVQ52BK;
				INFOPLIST_FILE = AppCode/Info.plist;
				IPHONEOS_DEPLOYMENT_TARGET = 11.1;
				LD_RUNPATH_SEARCH_PATHS = "$(inherited) @executable_path/Frameworks";
				PRODUCT_BUNDLE_IDENTIFIER = edu.uw.longt8.AppCode;
				PRODUCT_NAME = "$(TARGET_NAME)";
				SWIFT_VERSION = 4.0;
				TARGETED_DEVICE_FAMILY = "1,2";
			};
			name = Release;
		};
		3500749A2023095B000BD808 /* Debug */ = {
			isa = XCBuildConfiguration;
			buildSettings = {
				ALWAYS_EMBED_SWIFT_STANDARD_LIBRARIES = YES;
				BUNDLE_LOADER = "$(TEST_HOST)";
				CODE_SIGN_STYLE = Automatic;
				DEVELOPMENT_TEAM = 6UZHVQ52BK;
				INFOPLIST_FILE = AppCodeTests/Info.plist;
				LD_RUNPATH_SEARCH_PATHS = "$(inherited) @executable_path/Frameworks @loader_path/Frameworks";
				PRODUCT_BUNDLE_IDENTIFIER = edu.uw.longt8.AppCodeTests;
				PRODUCT_NAME = "$(TARGET_NAME)";
				SWIFT_VERSION = 4.0;
				TARGETED_DEVICE_FAMILY = "1,2";
				TEST_HOST = "$(BUILT_PRODUCTS_DIR)/AppCode.app/AppCode";
			};
			name = Debug;
		};
		3500749B2023095B000BD808 /* Release */ = {
			isa = XCBuildConfiguration;
			buildSettings = {
				ALWAYS_EMBED_SWIFT_STANDARD_LIBRARIES = YES;
				BUNDLE_LOADER = "$(TEST_HOST)";
				CODE_SIGN_STYLE = Automatic;
				DEVELOPMENT_TEAM = 6UZHVQ52BK;
				INFOPLIST_FILE = AppCodeTests/Info.plist;
				LD_RUNPATH_SEARCH_PATHS = "$(inherited) @executable_path/Frameworks @loader_path/Frameworks";
				PRODUCT_BUNDLE_IDENTIFIER = edu.uw.longt8.AppCodeTests;
				PRODUCT_NAME = "$(TARGET_NAME)";
				SWIFT_VERSION = 4.0;
				TARGETED_DEVICE_FAMILY = "1,2";
				TEST_HOST = "$(BUILT_PRODUCTS_DIR)/AppCode.app/AppCode";
			};
			name = Release;
		};
		3500749D2023095B000BD808 /* Debug */ = {
			isa = XCBuildConfiguration;
			buildSettings = {
				ALWAYS_EMBED_SWIFT_STANDARD_LIBRARIES = YES;
				CODE_SIGN_STYLE = Automatic;
				DEVELOPMENT_TEAM = 6UZHVQ52BK;
				INFOPLIST_FILE = AppCodeUITests/Info.plist;
				LD_RUNPATH_SEARCH_PATHS = "$(inherited) @executable_path/Frameworks @loader_path/Frameworks";
				PRODUCT_BUNDLE_IDENTIFIER = edu.uw.longt8.AppCodeUITests;
				PRODUCT_NAME = "$(TARGET_NAME)";
				SWIFT_VERSION = 4.0;
				TARGETED_DEVICE_FAMILY = "1,2";
				TEST_TARGET_NAME = AppCode;
			};
			name = Debug;
		};
		3500749E2023095B000BD808 /* Release */ = {
			isa = XCBuildConfiguration;
			buildSettings = {
				ALWAYS_EMBED_SWIFT_STANDARD_LIBRARIES = YES;
				CODE_SIGN_STYLE = Automatic;
				DEVELOPMENT_TEAM = 6UZHVQ52BK;
				INFOPLIST_FILE = AppCodeUITests/Info.plist;
				LD_RUNPATH_SEARCH_PATHS = "$(inherited) @executable_path/Frameworks @loader_path/Frameworks";
				PRODUCT_BUNDLE_IDENTIFIER = edu.uw.longt8.AppCodeUITests;
				PRODUCT_NAME = "$(TARGET_NAME)";
				SWIFT_VERSION = 4.0;
				TARGETED_DEVICE_FAMILY = "1,2";
				TEST_TARGET_NAME = AppCode;
			};
			name = Release;
		};
/* End XCBuildConfiguration section */

/* Begin XCConfigurationList section */
		350074672023095B000BD808 /* Build configuration list for PBXProject "AppCode" */ = {
			isa = XCConfigurationList;
			buildConfigurations = (
				350074942023095B000BD808 /* Debug */,
				350074952023095B000BD808 /* Release */,
			);
			defaultConfigurationIsVisible = 0;
			defaultConfigurationName = Release;
		};
		350074962023095B000BD808 /* Build configuration list for PBXNativeTarget "AppCode" */ = {
			isa = XCConfigurationList;
			buildConfigurations = (
				350074972023095B000BD808 /* Debug */,
				350074982023095B000BD808 /* Release */,
			);
			defaultConfigurationIsVisible = 0;
			defaultConfigurationName = Release;
		};
		350074992023095B000BD808 /* Build configuration list for PBXNativeTarget "AppCodeTests" */ = {
			isa = XCConfigurationList;
			buildConfigurations = (
				3500749A2023095B000BD808 /* Debug */,
				3500749B2023095B000BD808 /* Release */,
			);
			defaultConfigurationIsVisible = 0;
			defaultConfigurationName = Release;
		};
		3500749C2023095B000BD808 /* Build configuration list for PBXNativeTarget "AppCodeUITests" */ = {
			isa = XCConfigurationList;
			buildConfigurations = (
				3500749D2023095B000BD808 /* Debug */,
				3500749E2023095B000BD808 /* Release */,
			);
			defaultConfigurationIsVisible = 0;
			defaultConfigurationName = Release;
		};
/* End XCConfigurationList section */
	};
	rootObject = 350074642023095B000BD808 /* Project object */;
}
