// !$*UTF8*$!
{
	archiveVersion = 1;
	classes = {
	};
	objectVersion = 48;
	objects = {

/* Begin PBXBuildFile section */
		3538B844200E97420001C4B4 /* AppDelegate.swift in Sources */ = {isa = PBXBuildFile; fileRef = 3538B843200E97420001C4B4 /* AppDelegate.swift */; };
		3538B846200E97420001C4B4 /* ViewController.swift in Sources */ = {isa = PBXBuildFile; fileRef = 3538B845200E97420001C4B4 /* ViewController.swift */; };
		3538B849200E97420001C4B4 /* Main.storyboard in Resources */ = {isa = PBXBuildFile; fileRef = 3538B847200E97420001C4B4 /* Main.storyboard */; };
		3538B84B200E97420001C4B4 /* Assets.xcassets in Resources */ = {isa = PBXBuildFile; fileRef = 3538B84A200E97420001C4B4 /* Assets.xcassets */; };
		3538B84E200E97420001C4B4 /* LaunchScreen.storyboard in Resources */ = {isa = PBXBuildFile; fileRef = 3538B84C200E97420001C4B4 /* LaunchScreen.storyboard */; };
		3538B859200E97420001C4B4 /* AppCodeTests.swift in Sources */ = {isa = PBXBuildFile; fileRef = 3538B858200E97420001C4B4 /* AppCodeTests.swift */; };
		3538B864200E97420001C4B4 /* AppCodeUITests.swift in Sources */ = {isa = PBXBuildFile; fileRef = 3538B863200E97420001C4B4 /* AppCodeUITests.swift */; };
/* End PBXBuildFile section */

/* Begin PBXContainerItemProxy section */
		3538B855200E97420001C4B4 /* PBXContainerItemProxy */ = {
			isa = PBXContainerItemProxy;
			containerPortal = 3538B838200E97420001C4B4 /* Project object */;
			proxyType = 1;
			remoteGlobalIDString = 3538B83F200E97420001C4B4;
			remoteInfo = AppCode;
		};
		3538B860200E97420001C4B4 /* PBXContainerItemProxy */ = {
			isa = PBXContainerItemProxy;
			containerPortal = 3538B838200E97420001C4B4 /* Project object */;
			proxyType = 1;
			remoteGlobalIDString = 3538B83F200E97420001C4B4;
			remoteInfo = AppCode;
		};
/* End PBXContainerItemProxy section */

/* Begin PBXFileReference section */
		3538B840200E97420001C4B4 /* AppCode.app */ = {isa = PBXFileReference; explicitFileType = wrapper.application; includeInIndex = 0; path = AppCode.app; sourceTree = BUILT_PRODUCTS_DIR; };
		3538B843200E97420001C4B4 /* AppDelegate.swift */ = {isa = PBXFileReference; lastKnownFileType = sourcecode.swift; path = AppDelegate.swift; sourceTree = "<group>"; };
		3538B845200E97420001C4B4 /* ViewController.swift */ = {isa = PBXFileReference; lastKnownFileType = sourcecode.swift; path = ViewController.swift; sourceTree = "<group>"; };
		3538B848200E97420001C4B4 /* Base */ = {isa = PBXFileReference; lastKnownFileType = file.storyboard; name = Base; path = Base.lproj/Main.storyboard; sourceTree = "<group>"; };
		3538B84A200E97420001C4B4 /* Assets.xcassets */ = {isa = PBXFileReference; lastKnownFileType = folder.assetcatalog; path = Assets.xcassets; sourceTree = "<group>"; };
		3538B84D200E97420001C4B4 /* Base */ = {isa = PBXFileReference; lastKnownFileType = file.storyboard; name = Base; path = Base.lproj/LaunchScreen.storyboard; sourceTree = "<group>"; };
		3538B84F200E97420001C4B4 /* Info.plist */ = {isa = PBXFileReference; lastKnownFileType = text.plist.xml; path = Info.plist; sourceTree = "<group>"; };
		3538B854200E97420001C4B4 /* AppCodeTests.xctest */ = {isa = PBXFileReference; explicitFileType = wrapper.cfbundle; includeInIndex = 0; path = AppCodeTests.xctest; sourceTree = BUILT_PRODUCTS_DIR; };
		3538B858200E97420001C4B4 /* AppCodeTests.swift */ = {isa = PBXFileReference; lastKnownFileType = sourcecode.swift; path = AppCodeTests.swift; sourceTree = "<group>"; };
		3538B85A200E97420001C4B4 /* Info.plist */ = {isa = PBXFileReference; lastKnownFileType = text.plist.xml; path = Info.plist; sourceTree = "<group>"; };
		3538B85F200E97420001C4B4 /* AppCodeUITests.xctest */ = {isa = PBXFileReference; explicitFileType = wrapper.cfbundle; includeInIndex = 0; path = AppCodeUITests.xctest; sourceTree = BUILT_PRODUCTS_DIR; };
		3538B863200E97420001C4B4 /* AppCodeUITests.swift */ = {isa = PBXFileReference; lastKnownFileType = sourcecode.swift; path = AppCodeUITests.swift; sourceTree = "<group>"; };
		3538B865200E97420001C4B4 /* Info.plist */ = {isa = PBXFileReference; lastKnownFileType = text.plist.xml; path = Info.plist; sourceTree = "<group>"; };
/* End PBXFileReference section */

/* Begin PBXFrameworksBuildPhase section */
		3538B83D200E97420001C4B4 /* Frameworks */ = {
			isa = PBXFrameworksBuildPhase;
			buildActionMask = 2147483647;
			files = (
			);
			runOnlyForDeploymentPostprocessing = 0;
		};
		3538B851200E97420001C4B4 /* Frameworks */ = {
			isa = PBXFrameworksBuildPhase;
			buildActionMask = 2147483647;
			files = (
			);
			runOnlyForDeploymentPostprocessing = 0;
		};
		3538B85C200E97420001C4B4 /* Frameworks */ = {
			isa = PBXFrameworksBuildPhase;
			buildActionMask = 2147483647;
			files = (
			);
			runOnlyForDeploymentPostprocessing = 0;
		};
/* End PBXFrameworksBuildPhase section */

/* Begin PBXGroup section */
		3538B837200E97420001C4B4 = {
			isa = PBXGroup;
			children = (
				3538B842200E97420001C4B4 /* AppCode */,
				3538B857200E97420001C4B4 /* AppCodeTests */,
				3538B862200E97420001C4B4 /* AppCodeUITests */,
				3538B841200E97420001C4B4 /* Products */,
			);
			sourceTree = "<group>";
		};
		3538B841200E97420001C4B4 /* Products */ = {
			isa = PBXGroup;
			children = (
				3538B840200E97420001C4B4 /* AppCode.app */,
				3538B854200E97420001C4B4 /* AppCodeTests.xctest */,
				3538B85F200E97420001C4B4 /* AppCodeUITests.xctest */,
			);
			name = Products;
			sourceTree = "<group>";
		};
		3538B842200E97420001C4B4 /* AppCode */ = {
			isa = PBXGroup;
			children = (
				3538B843200E97420001C4B4 /* AppDelegate.swift */,
				3538B845200E97420001C4B4 /* ViewController.swift */,
				3538B847200E97420001C4B4 /* Main.storyboard */,
				3538B84A200E97420001C4B4 /* Assets.xcassets */,
				3538B84C200E97420001C4B4 /* LaunchScreen.storyboard */,
				3538B84F200E97420001C4B4 /* Info.plist */,
			);
			path = AppCode;
			sourceTree = "<group>";
		};
		3538B857200E97420001C4B4 /* AppCodeTests */ = {
			isa = PBXGroup;
			children = (
				3538B858200E97420001C4B4 /* AppCodeTests.swift */,
				3538B85A200E97420001C4B4 /* Info.plist */,
			);
			path = AppCodeTests;
			sourceTree = "<group>";
		};
		3538B862200E97420001C4B4 /* AppCodeUITests */ = {
			isa = PBXGroup;
			children = (
				3538B863200E97420001C4B4 /* AppCodeUITests.swift */,
				3538B865200E97420001C4B4 /* Info.plist */,
			);
			path = AppCodeUITests;
			sourceTree = "<group>";
		};
/* End PBXGroup section */

/* Begin PBXNativeTarget section */
		3538B83F200E97420001C4B4 /* AppCode */ = {
			isa = PBXNativeTarget;
			buildConfigurationList = 3538B868200E97420001C4B4 /* Build configuration list for PBXNativeTarget "AppCode" */;
			buildPhases = (
				3538B83C200E97420001C4B4 /* Sources */,
				3538B83D200E97420001C4B4 /* Frameworks */,
				3538B83E200E97420001C4B4 /* Resources */,
			);
			buildRules = (
			);
			dependencies = (
			);
			name = AppCode;
			productName = AppCode;
			productReference = 3538B840200E97420001C4B4 /* AppCode.app */;
			productType = "com.apple.product-type.application";
		};
		3538B853200E97420001C4B4 /* AppCodeTests */ = {
			isa = PBXNativeTarget;
			buildConfigurationList = 3538B86B200E97420001C4B4 /* Build configuration list for PBXNativeTarget "AppCodeTests" */;
			buildPhases = (
				3538B850200E97420001C4B4 /* Sources */,
				3538B851200E97420001C4B4 /* Frameworks */,
				3538B852200E97420001C4B4 /* Resources */,
			);
			buildRules = (
			);
			dependencies = (
				3538B856200E97420001C4B4 /* PBXTargetDependency */,
			);
			name = AppCodeTests;
			productName = AppCodeTests;
			productReference = 3538B854200E97420001C4B4 /* AppCodeTests.xctest */;
			productType = "com.apple.product-type.bundle.unit-test";
		};
		3538B85E200E97420001C4B4 /* AppCodeUITests */ = {
			isa = PBXNativeTarget;
			buildConfigurationList = 3538B86E200E97420001C4B4 /* Build configuration list for PBXNativeTarget "AppCodeUITests" */;
			buildPhases = (
				3538B85B200E97420001C4B4 /* Sources */,
				3538B85C200E97420001C4B4 /* Frameworks */,
				3538B85D200E97420001C4B4 /* Resources */,
			);
			buildRules = (
			);
			dependencies = (
				3538B861200E97420001C4B4 /* PBXTargetDependency */,
			);
			name = AppCodeUITests;
			productName = AppCodeUITests;
			productReference = 3538B85F200E97420001C4B4 /* AppCodeUITests.xctest */;
			productType = "com.apple.product-type.bundle.ui-testing";
		};
/* End PBXNativeTarget section */

/* Begin PBXProject section */
		3538B838200E97420001C4B4 /* Project object */ = {
			isa = PBXProject;
			attributes = {
				LastSwiftUpdateCheck = 0910;
				LastUpgradeCheck = 0910;
				ORGANIZATIONNAME = leontaolong;
				TargetAttributes = {
					3538B83F200E97420001C4B4 = {
						CreatedOnToolsVersion = 9.1;
						ProvisioningStyle = Automatic;
					};
					3538B853200E97420001C4B4 = {
						CreatedOnToolsVersion = 9.1;
						ProvisioningStyle = Automatic;
						TestTargetID = 3538B83F200E97420001C4B4;
					};
					3538B85E200E97420001C4B4 = {
						CreatedOnToolsVersion = 9.1;
						ProvisioningStyle = Automatic;
						TestTargetID = 3538B83F200E97420001C4B4;
					};
				};
			};
			buildConfigurationList = 3538B83B200E97420001C4B4 /* Build configuration list for PBXProject "AppCode" */;
			compatibilityVersion = "Xcode 8.0";
			developmentRegion = en;
			hasScannedForEncodings = 0;
			knownRegions = (
				en,
				Base,
			);
			mainGroup = 3538B837200E97420001C4B4;
			productRefGroup = 3538B841200E97420001C4B4 /* Products */;
			projectDirPath = "";
			projectRoot = "";
			targets = (
				3538B83F200E97420001C4B4 /* AppCode */,
				3538B853200E97420001C4B4 /* AppCodeTests */,
				3538B85E200E97420001C4B4 /* AppCodeUITests */,
			);
		};
/* End PBXProject section */

/* Begin PBXResourcesBuildPhase section */
		3538B83E200E97420001C4B4 /* Resources */ = {
			isa = PBXResourcesBuildPhase;
			buildActionMask = 2147483647;
			files = (
				3538B84E200E97420001C4B4 /* LaunchScreen.storyboard in Resources */,
				3538B84B200E97420001C4B4 /* Assets.xcassets in Resources */,
				3538B849200E97420001C4B4 /* Main.storyboard in Resources */,
			);
			runOnlyForDeploymentPostprocessing = 0;
		};
		3538B852200E97420001C4B4 /* Resources */ = {
			isa = PBXResourcesBuildPhase;
			buildActionMask = 2147483647;
			files = (
			);
			runOnlyForDeploymentPostprocessing = 0;
		};
		3538B85D200E97420001C4B4 /* Resources */ = {
			isa = PBXResourcesBuildPhase;
			buildActionMask = 2147483647;
			files = (
			);
			runOnlyForDeploymentPostprocessing = 0;
		};
/* End PBXResourcesBuildPhase section */

/* Begin PBXSourcesBuildPhase section */
		3538B83C200E97420001C4B4 /* Sources */ = {
			isa = PBXSourcesBuildPhase;
			buildActionMask = 2147483647;
			files = (
				3538B846200E97420001C4B4 /* ViewController.swift in Sources */,
				3538B844200E97420001C4B4 /* AppDelegate.swift in Sources */,
			);
			runOnlyForDeploymentPostprocessing = 0;
		};
		3538B850200E97420001C4B4 /* Sources */ = {
			isa = PBXSourcesBuildPhase;
			buildActionMask = 2147483647;
			files = (
				3538B859200E97420001C4B4 /* AppCodeTests.swift in Sources */,
			);
			runOnlyForDeploymentPostprocessing = 0;
		};
		3538B85B200E97420001C4B4 /* Sources */ = {
			isa = PBXSourcesBuildPhase;
			buildActionMask = 2147483647;
			files = (
				3538B864200E97420001C4B4 /* AppCodeUITests.swift in Sources */,
			);
			runOnlyForDeploymentPostprocessing = 0;
		};
/* End PBXSourcesBuildPhase section */

/* Begin PBXTargetDependency section */
		3538B856200E97420001C4B4 /* PBXTargetDependency */ = {
			isa = PBXTargetDependency;
			target = 3538B83F200E97420001C4B4 /* AppCode */;
			targetProxy = 3538B855200E97420001C4B4 /* PBXContainerItemProxy */;
		};
		3538B861200E97420001C4B4 /* PBXTargetDependency */ = {
			isa = PBXTargetDependency;
			target = 3538B83F200E97420001C4B4 /* AppCode */;
			targetProxy = 3538B860200E97420001C4B4 /* PBXContainerItemProxy */;
		};
/* End PBXTargetDependency section */

/* Begin PBXVariantGroup section */
		3538B847200E97420001C4B4 /* Main.storyboard */ = {
			isa = PBXVariantGroup;
			children = (
				3538B848200E97420001C4B4 /* Base */,
			);
			name = Main.storyboard;
			sourceTree = "<group>";
		};
		3538B84C200E97420001C4B4 /* LaunchScreen.storyboard */ = {
			isa = PBXVariantGroup;
			children = (
				3538B84D200E97420001C4B4 /* Base */,
			);
			name = LaunchScreen.storyboard;
			sourceTree = "<group>";
		};
/* End PBXVariantGroup section */

/* Begin XCBuildConfiguration section */
		3538B866200E97420001C4B4 /* Debug */ = {
			isa = XCBuildConfiguration;
			buildSettings = {
				ALWAYS_SEARCH_USER_PATHS = NO;
				CLANG_ANALYZER_NONNULL = YES;
				CLANG_ANALYZER_NUMBER_OBJECT_CONVERSION = YES_AGGRESSIVE;
				CLANG_CXX_LANGUAGE_STANDARD = "gnu++14";
				CLANG_CXX_LIBRARY = "libc++";
				CLANG_ENABLE_MODULES = YES;
				CLANG_ENABLE_OBJC_ARC = YES;
				CLANG_WARN_BLOCK_CAPTURE_AUTORELEASING = YES;
				CLANG_WARN_BOOL_CONVERSION = YES;
				CLANG_WARN_COMMA = YES;
				CLANG_WARN_CONSTANT_CONVERSION = YES;
				CLANG_WARN_DIRECT_OBJC_ISA_USAGE = YES_ERROR;
				CLANG_WARN_DOCUMENTATION_COMMENTS = YES;
				CLANG_WARN_EMPTY_BODY = YES;
				CLANG_WARN_ENUM_CONVERSION = YES;
				CLANG_WARN_INFINITE_RECURSION = YES;
				CLANG_WARN_INT_CONVERSION = YES;
				CLANG_WARN_NON_LITERAL_NULL_CONVERSION = YES;
				CLANG_WARN_OBJC_LITERAL_CONVERSION = YES;
				CLANG_WARN_OBJC_ROOT_CLASS = YES_ERROR;
				CLANG_WARN_RANGE_LOOP_ANALYSIS = YES;
				CLANG_WARN_STRICT_PROTOTYPES = YES;
				CLANG_WARN_SUSPICIOUS_MOVE = YES;
				CLANG_WARN_UNGUARDED_AVAILABILITY = YES_AGGRESSIVE;
				CLANG_WARN_UNREACHABLE_CODE = YES;
				CLANG_WARN__DUPLICATE_METHOD_MATCH = YES;
				CODE_SIGN_IDENTITY = "iPhone Developer";
				COPY_PHASE_STRIP = NO;
				DEBUG_INFORMATION_FORMAT = dwarf;
				ENABLE_STRICT_OBJC_MSGSEND = YES;
				ENABLE_TESTABILITY = YES;
				GCC_C_LANGUAGE_STANDARD = gnu11;
				GCC_DYNAMIC_NO_PIC = NO;
				GCC_NO_COMMON_BLOCKS = YES;
				GCC_OPTIMIZATION_LEVEL = 0;
				GCC_PREPROCESSOR_DEFINITIONS = (
					"DEBUG=1",
					"$(inherited)",
				);
				GCC_WARN_64_TO_32_BIT_CONVERSION = YES;
				GCC_WARN_ABOUT_RETURN_TYPE = YES_ERROR;
				GCC_WARN_UNDECLARED_SELECTOR = YES;
				GCC_WARN_UNINITIALIZED_AUTOS = YES_AGGRESSIVE;
				GCC_WARN_UNUSED_FUNCTION = YES;
				GCC_WARN_UNUSED_VARIABLE = YES;
				IPHONEOS_DEPLOYMENT_TARGET = 11.1;
				MTL_ENABLE_DEBUG_INFO = YES;
				ONLY_ACTIVE_ARCH = YES;
				SDKROOT = iphoneos;
				SWIFT_ACTIVE_COMPILATION_CONDITIONS = DEBUG;
				SWIFT_OPTIMIZATION_LEVEL = "-Onone";
			};
			name = Debug;
		};
		3538B867200E97420001C4B4 /* Release */ = {
			isa = XCBuildConfiguration;
			buildSettings = {
				ALWAYS_SEARCH_USER_PATHS = NO;
				CLANG_ANALYZER_NONNULL = YES;
				CLANG_ANALYZER_NUMBER_OBJECT_CONVERSION = YES_AGGRESSIVE;
				CLANG_CXX_LANGUAGE_STANDARD = "gnu++14";
				CLANG_CXX_LIBRARY = "libc++";
				CLANG_ENABLE_MODULES = YES;
				CLANG_ENABLE_OBJC_ARC = YES;
				CLANG_WARN_BLOCK_CAPTURE_AUTORELEASING = YES;
				CLANG_WARN_BOOL_CONVERSION = YES;
				CLANG_WARN_COMMA = YES;
				CLANG_WARN_CONSTANT_CONVERSION = YES;
				CLANG_WARN_DIRECT_OBJC_ISA_USAGE = YES_ERROR;
				CLANG_WARN_DOCUMENTATION_COMMENTS = YES;
				CLANG_WARN_EMPTY_BODY = YES;
				CLANG_WARN_ENUM_CONVERSION = YES;
				CLANG_WARN_INFINITE_RECURSION = YES;
				CLANG_WARN_INT_CONVERSION = YES;
				CLANG_WARN_NON_LITERAL_NULL_CONVERSION = YES;
				CLANG_WARN_OBJC_LITERAL_CONVERSION = YES;
				CLANG_WARN_OBJC_ROOT_CLASS = YES_ERROR;
				CLANG_WARN_RANGE_LOOP_ANALYSIS = YES;
				CLANG_WARN_STRICT_PROTOTYPES = YES;
				CLANG_WARN_SUSPICIOUS_MOVE = YES;
				CLANG_WARN_UNGUARDED_AVAILABILITY = YES_AGGRESSIVE;
				CLANG_WARN_UNREACHABLE_CODE = YES;
				CLANG_WARN__DUPLICATE_METHOD_MATCH = YES;
				CODE_SIGN_IDENTITY = "iPhone Developer";
				COPY_PHASE_STRIP = NO;
				DEBUG_INFORMATION_FORMAT = "dwarf-with-dsym";
				ENABLE_NS_ASSERTIONS = NO;
				ENABLE_STRICT_OBJC_MSGSEND = YES;
				GCC_C_LANGUAGE_STANDARD = gnu11;
				GCC_NO_COMMON_BLOCKS = YES;
				GCC_WARN_64_TO_32_BIT_CONVERSION = YES;
				GCC_WARN_ABOUT_RETURN_TYPE = YES_ERROR;
				GCC_WARN_UNDECLARED_SELECTOR = YES;
				GCC_WARN_UNINITIALIZED_AUTOS = YES_AGGRESSIVE;
				GCC_WARN_UNUSED_FUNCTION = YES;
				GCC_WARN_UNUSED_VARIABLE = YES;
				IPHONEOS_DEPLOYMENT_TARGET = 11.1;
				MTL_ENABLE_DEBUG_INFO = NO;
				SDKROOT = iphoneos;
				SWIFT_OPTIMIZATION_LEVEL = "-Owholemodule";
				VALIDATE_PRODUCT = YES;
			};
			name = Release;
		};
		3538B869200E97420001C4B4 /* Debug */ = {
			isa = XCBuildConfiguration;
			buildSettings = {
				ASSETCATALOG_COMPILER_APPICON_NAME = AppIcon;
				CODE_SIGN_STYLE = Automatic;
				DEVELOPMENT_TEAM = 6UZHVQ52BK;
				INFOPLIST_FILE = AppCode/Info.plist;
				LD_RUNPATH_SEARCH_PATHS = "$(inherited) @executable_path/Frameworks";
				PRODUCT_BUNDLE_IDENTIFIER = edu.uw.longt8.AppCode;
				PRODUCT_NAME = "$(TARGET_NAME)";
				SWIFT_VERSION = 4.0;
				TARGETED_DEVICE_FAMILY = "1,2";
			};
			name = Debug;
		};
		3538B86A200E97420001C4B4 /* Release */ = {
			isa = XCBuildConfiguration;
			buildSettings = {
				ASSETCATALOG_COMPILER_APPICON_NAME = AppIcon;
				CODE_SIGN_STYLE = Automatic;
				DEVELOPMENT_TEAM = 6UZHVQ52BK;
				INFOPLIST_FILE = AppCode/Info.plist;
				LD_RUNPATH_SEARCH_PATHS = "$(inherited) @executable_path/Frameworks";
				PRODUCT_BUNDLE_IDENTIFIER = edu.uw.longt8.AppCode;
				PRODUCT_NAME = "$(TARGET_NAME)";
				SWIFT_VERSION = 4.0;
				TARGETED_DEVICE_FAMILY = "1,2";
			};
			name = Release;
		};
		3538B86C200E97420001C4B4 /* Debug */ = {
			isa = XCBuildConfiguration;
			buildSettings = {
				ALWAYS_EMBED_SWIFT_STANDARD_LIBRARIES = YES;
				BUNDLE_LOADER = "$(TEST_HOST)";
				CODE_SIGN_STYLE = Automatic;
				DEVELOPMENT_TEAM = 6UZHVQ52BK;
				INFOPLIST_FILE = AppCodeTests/Info.plist;
				LD_RUNPATH_SEARCH_PATHS = "$(inherited) @executable_path/Frameworks @loader_path/Frameworks";
				PRODUCT_BUNDLE_IDENTIFIER = edu.uw.longt8.AppCodeTests;
				PRODUCT_NAME = "$(TARGET_NAME)";
				SWIFT_VERSION = 4.0;
				TARGETED_DEVICE_FAMILY = "1,2";
				TEST_HOST = "$(BUILT_PRODUCTS_DIR)/AppCode.app/AppCode";
			};
			name = Debug;
		};
		3538B86D200E97420001C4B4 /* Release */ = {
			isa = XCBuildConfiguration;
			buildSettings = {
				ALWAYS_EMBED_SWIFT_STANDARD_LIBRARIES = YES;
				BUNDLE_LOADER = "$(TEST_HOST)";
				CODE_SIGN_STYLE = Automatic;
				DEVELOPMENT_TEAM = 6UZHVQ52BK;
				INFOPLIST_FILE = AppCodeTests/Info.plist;
				LD_RUNPATH_SEARCH_PATHS = "$(inherited) @executable_path/Frameworks @loader_path/Frameworks";
				PRODUCT_BUNDLE_IDENTIFIER = edu.uw.longt8.AppCodeTests;
				PRODUCT_NAME = "$(TARGET_NAME)";
				SWIFT_VERSION = 4.0;
				TARGETED_DEVICE_FAMILY = "1,2";
				TEST_HOST = "$(BUILT_PRODUCTS_DIR)/AppCode.app/AppCode";
			};
			name = Release;
		};
		3538B86F200E97420001C4B4 /* Debug */ = {
			isa = XCBuildConfiguration;
			buildSettings = {
				ALWAYS_EMBED_SWIFT_STANDARD_LIBRARIES = YES;
				CODE_SIGN_STYLE = Automatic;
				DEVELOPMENT_TEAM = 6UZHVQ52BK;
				INFOPLIST_FILE = AppCodeUITests/Info.plist;
				LD_RUNPATH_SEARCH_PATHS = "$(inherited) @executable_path/Frameworks @loader_path/Frameworks";
				PRODUCT_BUNDLE_IDENTIFIER = edu.uw.longt8.AppCodeUITests;
				PRODUCT_NAME = "$(TARGET_NAME)";
				SWIFT_VERSION = 4.0;
				TARGETED_DEVICE_FAMILY = "1,2";
				TEST_TARGET_NAME = AppCode;
			};
			name = Debug;
		};
		3538B870200E97420001C4B4 /* Release */ = {
			isa = XCBuildConfiguration;
			buildSettings = {
				ALWAYS_EMBED_SWIFT_STANDARD_LIBRARIES = YES;
				CODE_SIGN_STYLE = Automatic;
				DEVELOPMENT_TEAM = 6UZHVQ52BK;
				INFOPLIST_FILE = AppCodeUITests/Info.plist;
				LD_RUNPATH_SEARCH_PATHS = "$(inherited) @executable_path/Frameworks @loader_path/Frameworks";
				PRODUCT_BUNDLE_IDENTIFIER = edu.uw.longt8.AppCodeUITests;
				PRODUCT_NAME = "$(TARGET_NAME)";
				SWIFT_VERSION = 4.0;
				TARGETED_DEVICE_FAMILY = "1,2";
				TEST_TARGET_NAME = AppCode;
			};
			name = Release;
		};
/* End XCBuildConfiguration section */

/* Begin XCConfigurationList section */
		3538B83B200E97420001C4B4 /* Build configuration list for PBXProject "AppCode" */ = {
			isa = XCConfigurationList;
			buildConfigurations = (
				3538B866200E97420001C4B4 /* Debug */,
				3538B867200E97420001C4B4 /* Release */,
			);
			defaultConfigurationIsVisible = 0;
			defaultConfigurationName = Release;
		};
		3538B868200E97420001C4B4 /* Build configuration list for PBXNativeTarget "AppCode" */ = {
			isa = XCConfigurationList;
			buildConfigurations = (
				3538B869200E97420001C4B4 /* Debug */,
				3538B86A200E97420001C4B4 /* Release */,
			);
			defaultConfigurationIsVisible = 0;
			defaultConfigurationName = Release;
		};
		3538B86B200E97420001C4B4 /* Build configuration list for PBXNativeTarget "AppCodeTests" */ = {
			isa = XCConfigurationList;
			buildConfigurations = (
				3538B86C200E97420001C4B4 /* Debug */,
				3538B86D200E97420001C4B4 /* Release */,
			);
			defaultConfigurationIsVisible = 0;
			defaultConfigurationName = Release;
		};
		3538B86E200E97420001C4B4 /* Build configuration list for PBXNativeTarget "AppCodeUITests" */ = {
			isa = XCConfigurationList;
			buildConfigurations = (
				3538B86F200E97420001C4B4 /* Debug */,
				3538B870200E97420001C4B4 /* Release */,
			);
			defaultConfigurationIsVisible = 0;
			defaultConfigurationName = Release;
		};
/* End XCConfigurationList section */
	};
	rootObject = 3538B838200E97420001C4B4 /* Project object */;
}
